{
  "nodes": {
    "balance": {
      "inputs": {
        "flake-utils": [
          "flake-utils"
        ],
        "nixpkgs": [
          "nixpkgs"
        ]
      },
      "locked": {
        "lastModified": 1775518859,
        "narHash": "sha256-NAvd+/zPBBq0+iiZWXh45ccYN4ej9mNtV393VzecPoc=",
        "owner": "gunk-dev",
        "repo": "balance",
        "rev": "92c283c1a308124e5198b5536ea06363be010e03",
        "type": "github"
      },
      "original": {
        "owner": "gunk-dev",
        "repo": "balance",
        "type": "github"
      }
    },
    "flake-utils": {
      "inputs": {
        "systems": "systems"
      },
      "locked": {
        "lastModified": 1731533236,
        "narHash": "sha256-l0KFg5HjrsfsO/JpG+r7fRrqm12kzFHyUHqHCVpMMbI=",
        "owner": "numtide",
        "repo": "flake-utils",
        "rev": "11707dc2f618dd54ca8739b309ec4fc024de578b",
        "type": "github"
      },
      "original": {
        "owner": "numtide",
        "repo": "flake-utils",
        "type": "github"
      }
    },
    "flake-utils_2": {
      "inputs": {
        "systems": "systems_2"
      },
      "locked": {
        "lastModified": 1731533236,
        "narHash": "sha256-l0KFg5HjrsfsO/JpG+r7fRrqm12kzFHyUHqHCVpMMbI=",
        "owner": "numtide",
        "repo": "flake-utils",
        "rev": "11707dc2f618dd54ca8739b309ec4fc024de578b",
        "type": "github"
      },
      "original": {
        "owner": "numtide",
        "repo": "flake-utils",
        "type": "github"
      }
    },
    "flux": {
      "inputs": {
        "flake-utils": [
          "flake-utils"
        ],
        "klaus": "klaus",
        "nixpkgs": [
          "nixpkgs"
        ]
      },
      "locked": {
        "lastModified": 1775518857,
        "narHash": "sha256-J5M5zMVqoXnEWra4Z9RTZEW2U4EwoCmd0ae5jvZsmPM=",
        "owner": "gunk-dev",
        "repo": "flux",
        "rev": "d507e3acab5026c162a80e1d5d89c953fcbac542",
        "type": "github"
      },
      "original": {
        "owner": "gunk-dev",
        "repo": "flux",
        "type": "github"
      }
    },
    "gunk-web": {
      "inputs": {
        "flake-utils": [
          "flake-utils"
        ],
        "nixpkgs": [
          "nixpkgs"
        ]
      },
      "locked": {
        "lastModified": 1775517565,
        "narHash": "sha256-pZDVGTTwHl+MGMPlfFRbVnmt22+y9f8DXhAYWfLuSzo=",
        "owner": "gunk-dev",
        "repo": "gunk-web",
        "rev": "1f240e9fd7b3d65a9f56f88f14fda410c656ae3a",
        "type": "github"
      },
      "original": {
        "owner": "gunk-dev",
        "repo": "gunk-web",
        "type": "github"
      }
    },
    "klaus": {
      "inputs": {
        "flake-utils": "flake-utils_2",
        "nixpkgs": [
          "flux",
          "nixpkgs"
        ]
      },
      "locked": {
        "lastModified": 1770949508,
        "narHash": "sha256-HSnmKSgcBk6g+FzN3ZFHSTawMVG9phDswGdykqLqVnE=",
        "owner": "patflynn",
        "repo": "klaus",
        "rev": "217b5ade007cbd659b0ad675811e5be24af781b1",
        "type": "github"
      },
      "original": {
        "owner": "patflynn",
        "repo": "klaus",
        "type": "github"
      }
    },
    "nixpkgs": {
      "locked": {
        "lastModified": 1775403759,
        "narHash": "sha256-cGyKiTspHEUx3QwAnV3RfyT+VOXhHLs+NEr17HU34Wo=",
        "owner": "NixOS",
        "repo": "nixpkgs",
        "rev": "5e11f7acce6c3469bef9df154d78534fa7ae8b6c",
        "type": "github"
      },
      "original": {
        "owner": "NixOS",
        "ref": "nixpkgs-unstable",
        "repo": "nixpkgs",
        "type": "github"
      }
    },
    "root": {
      "inputs": {
        "balance": "balance",
        "flake-utils": "flake-utils",
        "flux": "flux",
        "gunk-web": "gunk-web",
        "nixpkgs": "nixpkgs"
      }
    },
    "systems": {
      "locked": {
        "lastModified": 1681028828,
        "narHash": "sha256-Vy1rq5AaRuLzOxct8nz4T6wlgyUR7zLU309k9mBC768=",
        "owner": "nix-systems",
        "repo": "default",
        "rev": "da67096a3b9bf56a91d16901293e51ba5b49a27e",
        "type": "github"
      },
      "original": {
        "owner": "nix-systems",
        "repo": "default",
        "type": "github"
      }
    },
    "systems_2": {
      "locked": {
        "lastModified": 1681028828,
        "narHash": "sha256-Vy1rq5AaRuLzOxct8nz4T6wlgyUR7zLU309k9mBC768=",
        "owner": "nix-systems",
        "repo": "default",
        "rev": "da67096a3b9bf56a91d16901293e51ba5b49a27e",
        "type": "github"
      },
      "original": {
        "owner": "nix-systems",
        "repo": "default",
        "type": "github"
      }
    }
  },
  "root": "root",
  "version": 7
}
